
Microsoft Visual Studio Solution File, Format Version 12.00
# Visual Studio Version 17
VisualStudioVersion = 17.13.35931.197
MinimumVisualStudioVersion = 10.0.40219.1
Project("{FAE04EC0-301F-11D3-BF4B-00C04F79EFBC}") = "AdminManagement", "AdminManagement\AdminManagement.csproj", "{DA8DF039-A839-4233-9FF2-E5815255760E}"
EndProject
Project("{FAE04EC0-301F-11D3-BF4B-00C04F79EFBC}") = "PDUBaseServiceAgent", "PDUBaseServiceAgent\PDUBaseServiceAgent.csproj", "{74121691-4B1F-93DB-D81A-17190D944022}"
EndProject
Project("{2150E333-8FDC-42A3-9474-1A3956D46DE8}") = "ServiceAgents", "ServiceAgents", "{02EA681E-C7D8-13C7-8484-4AC65E1B71E8}"
EndProject
Project("{FAE04EC0-301F-11D3-BF4B-00C04F79EFBC}") = "LogiLinkServiceAgent", "LogiLinkServiceAgent\LogiLinkServiceAgent.csproj", "{B851B41D-9E7E-499B-B6CA-42316A6ED2C9}"
EndProject
Global
	GlobalSection(SolutionConfigurationPlatforms) = preSolution
		Debug|Any CPU = Debug|Any CPU
		Release|Any CPU = Release|Any CPU
	EndGlobalSection
	GlobalSection(ProjectConfigurationPlatforms) = postSolution
		{DA8DF039-A839-4233-9FF2-E5815255760E}.Debug|Any CPU.ActiveCfg = Debug|Any CPU
		{DA8DF039-A839-4233-9FF2-E5815255760E}.Debug|Any CPU.Build.0 = Debug|Any CPU
		{DA8DF039-A839-4233-9FF2-E5815255760E}.Release|Any CPU.ActiveCfg = Release|Any CPU
		{DA8DF039-A839-4233-9FF2-E5815255760E}.Release|Any CPU.Build.0 = Release|Any CPU
		{74121691-4B1F-93DB-D81A-17190D944022}.Debug|Any CPU.ActiveCfg = Debug|Any CPU
		{74121691-4B1F-93DB-D81A-17190D944022}.Debug|Any CPU.Build.0 = Debug|Any CPU
		{74121691-4B1F-93DB-D81A-17190D944022}.Release|Any CPU.ActiveCfg = Release|Any CPU
		{74121691-4B1F-93DB-D81A-17190D944022}.Release|Any CPU.Build.0 = Release|Any CPU
		{B851B41D-9E7E-499B-B6CA-42316A6ED2C9}.Debug|Any CPU.ActiveCfg = Debug|Any CPU
		{B851B41D-9E7E-499B-B6CA-42316A6ED2C9}.Debug|Any CPU.Build.0 = Debug|Any CPU
		{B851B41D-9E7E-499B-B6CA-42316A6ED2C9}.Release|Any CPU.ActiveCfg = Release|Any CPU
		{B851B41D-9E7E-499B-B6CA-42316A6ED2C9}.Release|Any CPU.Build.0 = Release|Any CPU
	EndGlobalSection
	GlobalSection(SolutionProperties) = preSolution
		HideSolutionNode = FALSE
	EndGlobalSection
	GlobalSection(NestedProjects) = preSolution
		{74121691-4B1F-93DB-D81A-17190D944022} = {02EA681E-C7D8-13C7-8484-4AC65E1B71E8}
		{B851B41D-9E7E-499B-B6CA-42316A6ED2C9} = {02EA681E-C7D8-13C7-8484-4AC65E1B71E8}
	EndGlobalSection
	GlobalSection(ExtensibilityGlobals) = postSolution
		SolutionGuid = {CB8EFBA5-F77C-45D1-85A0-09FBF2035045}
	EndGlobalSection
EndGlobal
