
Microsoft Visual Studio Solution File, Format Version 12.00
# Visual Studio Version 18
VisualStudioVersion = 18.6.11723.189 insiders
MinimumVisualStudioVersion = 10.0.40219.1
Project("{FAE04EC0-301F-11D3-BF4B-00C04F79EFBC}") = "DownloadFiles.DownloadFromSharepointV1", "DownloadFromSharepointV1\DownloadFiles.DownloadFromSharepointV1.csproj", "{CEAA65A8-18A1-AF39-8271-CC4AA5456013}"
EndProject
Global
	GlobalSection(SolutionConfigurationPlatforms) = preSolution
		Debug|Any CPU = Debug|Any CPU
		Release|Any CPU = Release|Any CPU
	EndGlobalSection
	GlobalSection(ProjectConfigurationPlatforms) = postSolution
		{CEAA65A8-18A1-AF39-8271-CC4AA5456013}.Debug|Any CPU.ActiveCfg = Debug|Any CPU
		{CEAA65A8-18A1-AF39-8271-CC4AA5456013}.Debug|Any CPU.Build.0 = Debug|Any CPU
		{CEAA65A8-18A1-AF39-8271-CC4AA5456013}.Release|Any CPU.ActiveCfg = Release|Any CPU
		{CEAA65A8-18A1-AF39-8271-CC4AA5456013}.Release|Any CPU.Build.0 = Release|Any CPU
	EndGlobalSection
	GlobalSection(SolutionProperties) = preSolution
		HideSolutionNode = FALSE
	EndGlobalSection
	GlobalSection(ExtensibilityGlobals) = postSolution
		SolutionGuid = {7A47172F-F848-4486-9F50-FE1A7B32DA38}
	EndGlobalSection
EndGlobal
