
Microsoft Visual Studio Solution File, Format Version 12.00
# Visual Studio Version 17
VisualStudioVersion = 17.14.36429.23 d17.14
MinimumVisualStudioVersion = 10.0.40219.1
Project("{FAE04EC0-301F-11D3-BF4B-00C04F79EFBC}") = "ClassLibrary1", "ClassLibrary1\ClassLibrary1.csproj", "{F078E6A4-FEBC-4245-92D5-B6626625C431}"
EndProject
Project("{FAE04EC0-301F-11D3-BF4B-00C04F79EFBC}") = "Tests", "Tests\Tests.csproj", "{ABFA9FBD-4B8F-4C27-8007-D5E34CF6CF08}"
EndProject
Global
	GlobalSection(SolutionConfigurationPlatforms) = preSolution
		Debug|Any CPU = Debug|Any CPU
		Release|Any CPU = Release|Any CPU
	EndGlobalSection
	GlobalSection(ProjectConfigurationPlatforms) = postSolution
		{F078E6A4-FEBC-4245-92D5-B6626625C431}.Debug|Any CPU.ActiveCfg = Debug|Any CPU
		{F078E6A4-FEBC-4245-92D5-B6626625C431}.Debug|Any CPU.Build.0 = Debug|Any CPU
		{F078E6A4-FEBC-4245-92D5-B6626625C431}.Release|Any CPU.ActiveCfg = Release|Any CPU
		{F078E6A4-FEBC-4245-92D5-B6626625C431}.Release|Any CPU.Build.0 = Release|Any CPU
		{ABFA9FBD-4B8F-4C27-8007-D5E34CF6CF08}.Debug|Any CPU.ActiveCfg = Debug|Any CPU
		{ABFA9FBD-4B8F-4C27-8007-D5E34CF6CF08}.Debug|Any CPU.Build.0 = Debug|Any CPU
		{ABFA9FBD-4B8F-4C27-8007-D5E34CF6CF08}.Release|Any CPU.ActiveCfg = Release|Any CPU
		{ABFA9FBD-4B8F-4C27-8007-D5E34CF6CF08}.Release|Any CPU.Build.0 = Release|Any CPU
	EndGlobalSection
	GlobalSection(SolutionProperties) = preSolution
		HideSolutionNode = FALSE
	EndGlobalSection
	GlobalSection(ExtensibilityGlobals) = postSolution
		SolutionGuid = {F5A4C137-7007-49D2-8783-0FAFE39A573D}
	EndGlobalSection
EndGlobal
