
Microsoft Visual Studio Solution File, Format Version 12.00
# Visual Studio Version 17
VisualStudioVersion = 17.14.36429.23 d17.14
MinimumVisualStudioVersion = 10.0.40219.1
Project("{FAE04EC0-301F-11D3-BF4B-00C04F79EFBC}") = "Samayas.Tools.CodeAnalyzers.Analyzers", "Analyzer\Samayas.Tools.CodeAnalyzers.Analyzers.csproj", "{0B048665-6CB3-4954-8337-2224F9D4BC21}"
EndProject
Project("{FAE04EC0-301F-11D3-BF4B-00C04F79EFBC}") = "Samayas.Tools.CodeAnalyzers.CodeFixes", "CodeFixes\Samayas.Tools.CodeAnalyzers.CodeFixes.csproj", "{4D180AB8-43A3-40C2-BB07-B7BD4115FB65}"
EndProject
Project("{FAE04EC0-301F-11D3-BF4B-00C04F79EFBC}") = "Samayas.Tools.CodeAnalyzers.Package", "Package\Samayas.Tools.CodeAnalyzers.Package.csproj", "{6531E5A9-6728-4AA9-96FF-D6BF7A3F79CB}"
EndProject
Project("{FAE04EC0-301F-11D3-BF4B-00C04F79EFBC}") = "Samayas.Tools.CodeAnalyzers.Test", "Test\Samayas.Tools.CodeAnalyzers.Test.csproj", "{89A510E5-5393-4894-BE2B-BFFDB75EC797}"
EndProject
Global
	GlobalSection(SolutionConfigurationPlatforms) = preSolution
		Debug|Any CPU = Debug|Any CPU
		Release|Any CPU = Release|Any CPU
	EndGlobalSection
	GlobalSection(ProjectConfigurationPlatforms) = postSolution
		{0B048665-6CB3-4954-8337-2224F9D4BC21}.Debug|Any CPU.ActiveCfg = Debug|Any CPU
		{0B048665-6CB3-4954-8337-2224F9D4BC21}.Debug|Any CPU.Build.0 = Debug|Any CPU
		{0B048665-6CB3-4954-8337-2224F9D4BC21}.Release|Any CPU.ActiveCfg = Release|Any CPU
		{0B048665-6CB3-4954-8337-2224F9D4BC21}.Release|Any CPU.Build.0 = Release|Any CPU
		{4D180AB8-43A3-40C2-BB07-B7BD4115FB65}.Debug|Any CPU.ActiveCfg = Debug|Any CPU
		{4D180AB8-43A3-40C2-BB07-B7BD4115FB65}.Debug|Any CPU.Build.0 = Debug|Any CPU
		{4D180AB8-43A3-40C2-BB07-B7BD4115FB65}.Release|Any CPU.ActiveCfg = Release|Any CPU
		{4D180AB8-43A3-40C2-BB07-B7BD4115FB65}.Release|Any CPU.Build.0 = Release|Any CPU
		{6531E5A9-6728-4AA9-96FF-D6BF7A3F79CB}.Debug|Any CPU.ActiveCfg = Debug|Any CPU
		{6531E5A9-6728-4AA9-96FF-D6BF7A3F79CB}.Debug|Any CPU.Build.0 = Debug|Any CPU
		{6531E5A9-6728-4AA9-96FF-D6BF7A3F79CB}.Release|Any CPU.ActiveCfg = Release|Any CPU
		{6531E5A9-6728-4AA9-96FF-D6BF7A3F79CB}.Release|Any CPU.Build.0 = Release|Any CPU
		{89A510E5-5393-4894-BE2B-BFFDB75EC797}.Debug|Any CPU.ActiveCfg = Debug|Any CPU
		{89A510E5-5393-4894-BE2B-BFFDB75EC797}.Debug|Any CPU.Build.0 = Debug|Any CPU
		{89A510E5-5393-4894-BE2B-BFFDB75EC797}.Release|Any CPU.ActiveCfg = Release|Any CPU
		{89A510E5-5393-4894-BE2B-BFFDB75EC797}.Release|Any CPU.Build.0 = Release|Any CPU
		{1A18DF88-7740-4141-B62E-3F56FD1CD0D1}.Debug|Any CPU.ActiveCfg = Debug|Any CPU
		{1A18DF88-7740-4141-B62E-3F56FD1CD0D1}.Debug|Any CPU.Build.0 = Debug|Any CPU
		{1A18DF88-7740-4141-B62E-3F56FD1CD0D1}.Release|Any CPU.ActiveCfg = Release|Any CPU
		{1A18DF88-7740-4141-B62E-3F56FD1CD0D1}.Release|Any CPU.Build.0 = Release|Any CPU
	EndGlobalSection
	GlobalSection(SolutionProperties) = preSolution
		HideSolutionNode = FALSE
	EndGlobalSection
	GlobalSection(ExtensibilityGlobals) = postSolution
		SolutionGuid = {332AC3BC-DB57-4184-9FC8-A0AB0F9BA24D}
	EndGlobalSection
EndGlobal
